
Microsoft Visual Studio Solution File, Format Version 12.00
# Visual Studio 2013
VisualStudioVersion = 12.0.31101.0
MinimumVisualStudioVersion = 10.0.40219.1
Project("{FAE04EC0-301F-11D3-BF4B-00C04F79EFBC}") = "ScriptCs.AzureManagement.Common", "ScriptCs.AzureManagement.Common\ScriptCs.AzureManagement.Common.csproj", "{F78E3473-3DD0-4BE8-88D4-E10D4A78D674}"
EndProject
Project("{FAE04EC0-301F-11D3-BF4B-00C04F79EFBC}") = "ScriptCs.AzureManagement.ScriptPack", "ScriptCs.AzureManagement.ScriptPack\ScriptCs.AzureManagement.ScriptPack.csproj", "{28115155-DEB5-42FD-B8A6-03220736C8E9}"
EndProject
Project("{FAE04EC0-301F-11D3-BF4B-00C04F79EFBC}") = "ScriptCs.AzureManagement.Infrastructure", "ScriptCs.AzureManagement.Infrastructure\ScriptCs.AzureManagement.Infrastructure.csproj", "{5736647B-FC79-45C8-8BEC-3F4DB1D387E3}"
EndProject
Project("{FAE04EC0-301F-11D3-BF4B-00C04F79EFBC}") = "ScriptCs.AzureManagement.Storage", "ScriptCs.AzureManagement.Storage\ScriptCs.AzureManagement.Storage.csproj", "{2FC47A0A-BF09-48A9-A384-46030F57D2EF}"
EndProject
Project("{FAE04EC0-301F-11D3-BF4B-00C04F79EFBC}") = "ScriptCs.AzureManagement.Compute", "ScriptCs.AzureManagement.Compute\ScriptCs.AzureManagement.Compute.csproj", "{71E7CE6B-AE6E-4364-A623-60F69094EC3A}"
EndProject
Project("{FAE04EC0-301F-11D3-BF4B-00C04F79EFBC}") = "ScriptCs.AzureManagement.WebSite", "ScriptCs.AzureManagement.WebSite\ScriptCs.AzureManagement.WebSite.csproj", "{A283A93F-009D-4F59-967D-DB58EA5E23CD}"
EndProject
Project("{FAE04EC0-301F-11D3-BF4B-00C04F79EFBC}") = "ScriptCs.AzureManagement.VirtualNetwork", "ScriptCs.AzureManagement.VirtualNetwork\ScriptCs.AzureManagement.VirtualNetwork.csproj", "{7391ADE5-FD5C-499E-8F98-3BEC22433640}"
EndProject
Project("{FAE04EC0-301F-11D3-BF4B-00C04F79EFBC}") = "ScriptCs.AzureManagement.Scheduler", "ScriptCs.AzureManagement.Scheduler\ScriptCs.AzureManagement.Scheduler.csproj", "{CC277269-5B49-4806-8C56-14304E688639}"
EndProject
Project("{FAE04EC0-301F-11D3-BF4B-00C04F79EFBC}") = "ScriptCs.AzureManagement.Monitoring", "ScriptCs.AzureManagement.Monitoring\ScriptCs.AzureManagement.Monitoring.csproj", "{2E023BCE-53A2-4F66-B49F-F611749ADBCD}"
EndProject
Project("{FAE04EC0-301F-11D3-BF4B-00C04F79EFBC}") = "ScriptCs.AzureManagement.Media", "ScriptCs.AzureManagement.Media\ScriptCs.AzureManagement.Media.csproj", "{900920E4-2292-465D-925F-429B35A291E7}"
EndProject
Project("{FAE04EC0-301F-11D3-BF4B-00C04F79EFBC}") = "ScriptCs.AzureManagement.ServiceBus", "ScriptCs.AzureManagement.ServiceBus\ScriptCs.AzureManagement.ServiceBus.csproj", "{120A617A-552C-497A-B985-3B68C03F5788}"
EndProject
Project("{FAE04EC0-301F-11D3-BF4B-00C04F79EFBC}") = "ScriptCs.AzureManagement.Sql", "ScriptCs.AzureManagement.Sql\ScriptCs.AzureManagement.Sql.csproj", "{46D17A73-F367-447C-A9D5-0A58F822E725}"
EndProject
Project("{2150E333-8FDC-42A3-9474-1A3956D46DE8}") = ".nuget", ".nuget", "{011377DC-D188-46B5-9820-1755643B34CD}"
	ProjectSection(SolutionItems) = preProject
		.nuget\NuGet.Config = .nuget\NuGet.Config
		.nuget\NuGet.exe = .nuget\NuGet.exe
		.nuget\NuGet.targets = .nuget\NuGet.targets
	EndProjectSection
EndProject
Project("{FAE04EC0-301F-11D3-BF4B-00C04F79EFBC}") = "ScriptCs.AzureManagement.TrafficManager", "ScriptCs.AzureManagement.TrafficManager\ScriptCs.AzureManagement.TrafficManager.csproj", "{9AD45452-46E5-441F-80C2-8E0A17025AE6}"
EndProject
Project("{FAE04EC0-301F-11D3-BF4B-00C04F79EFBC}") = "ScriptCs.AzureManagement.Automation", "ScriptCs.AzureManagement.Automation\ScriptCs.AzureManagement.Automation.csproj", "{311904C9-E7BE-4831-9460-F5B02923D165}"
EndProject
Project("{FAE04EC0-301F-11D3-BF4B-00C04F79EFBC}") = "ScriptCs.AzureManagement.ExpressRoute", "ScriptCs.AzureManagement.ExpressRoute\ScriptCs.AzureManagement.ExpressRoute.csproj", "{46EB5550-969C-47ED-9847-1A0BEAC6A066}"
EndProject
Global
	GlobalSection(SolutionConfigurationPlatforms) = preSolution
		Debug|Any CPU = Debug|Any CPU
		Release|Any CPU = Release|Any CPU
	EndGlobalSection
	GlobalSection(ProjectConfigurationPlatforms) = postSolution
		{F78E3473-3DD0-4BE8-88D4-E10D4A78D674}.Debug|Any CPU.ActiveCfg = Debug|Any CPU
		{F78E3473-3DD0-4BE8-88D4-E10D4A78D674}.Debug|Any CPU.Build.0 = Debug|Any CPU
		{F78E3473-3DD0-4BE8-88D4-E10D4A78D674}.Release|Any CPU.ActiveCfg = Release|Any CPU
		{F78E3473-3DD0-4BE8-88D4-E10D4A78D674}.Release|Any CPU.Build.0 = Release|Any CPU
		{28115155-DEB5-42FD-B8A6-03220736C8E9}.Debug|Any CPU.ActiveCfg = Debug|Any CPU
		{28115155-DEB5-42FD-B8A6-03220736C8E9}.Debug|Any CPU.Build.0 = Debug|Any CPU
		{28115155-DEB5-42FD-B8A6-03220736C8E9}.Release|Any CPU.ActiveCfg = Release|Any CPU
		{28115155-DEB5-42FD-B8A6-03220736C8E9}.Release|Any CPU.Build.0 = Release|Any CPU
		{5736647B-FC79-45C8-8BEC-3F4DB1D387E3}.Debug|Any CPU.ActiveCfg = Debug|Any CPU
		{5736647B-FC79-45C8-8BEC-3F4DB1D387E3}.Debug|Any CPU.Build.0 = Debug|Any CPU
		{5736647B-FC79-45C8-8BEC-3F4DB1D387E3}.Release|Any CPU.ActiveCfg = Release|Any CPU
		{5736647B-FC79-45C8-8BEC-3F4DB1D387E3}.Release|Any CPU.Build.0 = Release|Any CPU
		{2FC47A0A-BF09-48A9-A384-46030F57D2EF}.Debug|Any CPU.ActiveCfg = Debug|Any CPU
		{2FC47A0A-BF09-48A9-A384-46030F57D2EF}.Debug|Any CPU.Build.0 = Debug|Any CPU
		{2FC47A0A-BF09-48A9-A384-46030F57D2EF}.Release|Any CPU.ActiveCfg = Release|Any CPU
		{2FC47A0A-BF09-48A9-A384-46030F57D2EF}.Release|Any CPU.Build.0 = Release|Any CPU
		{71E7CE6B-AE6E-4364-A623-60F69094EC3A}.Debug|Any CPU.ActiveCfg = Debug|Any CPU
		{71E7CE6B-AE6E-4364-A623-60F69094EC3A}.Debug|Any CPU.Build.0 = Debug|Any CPU
		{71E7CE6B-AE6E-4364-A623-60F69094EC3A}.Release|Any CPU.ActiveCfg = Release|Any CPU
		{71E7CE6B-AE6E-4364-A623-60F69094EC3A}.Release|Any CPU.Build.0 = Release|Any CPU
		{A283A93F-009D-4F59-967D-DB58EA5E23CD}.Debug|Any CPU.ActiveCfg = Debug|Any CPU
		{A283A93F-009D-4F59-967D-DB58EA5E23CD}.Debug|Any CPU.Build.0 = Debug|Any CPU
		{A283A93F-009D-4F59-967D-DB58EA5E23CD}.Release|Any CPU.ActiveCfg = Release|Any CPU
		{A283A93F-009D-4F59-967D-DB58EA5E23CD}.Release|Any CPU.Build.0 = Release|Any CPU
		{7391ADE5-FD5C-499E-8F98-3BEC22433640}.Debug|Any CPU.ActiveCfg = Debug|Any CPU
		{7391ADE5-FD5C-499E-8F98-3BEC22433640}.Debug|Any CPU.Build.0 = Debug|Any CPU
		{7391ADE5-FD5C-499E-8F98-3BEC22433640}.Release|Any CPU.ActiveCfg = Release|Any CPU
		{7391ADE5-FD5C-499E-8F98-3BEC22433640}.Release|Any CPU.Build.0 = Release|Any CPU
		{CC277269-5B49-4806-8C56-14304E688639}.Debug|Any CPU.ActiveCfg = Debug|Any CPU
		{CC277269-5B49-4806-8C56-14304E688639}.Debug|Any CPU.Build.0 = Debug|Any CPU
		{CC277269-5B49-4806-8C56-14304E688639}.Release|Any CPU.ActiveCfg = Release|Any CPU
		{CC277269-5B49-4806-8C56-14304E688639}.Release|Any CPU.Build.0 = Release|Any CPU
		{2E023BCE-53A2-4F66-B49F-F611749ADBCD}.Debug|Any CPU.ActiveCfg = Debug|Any CPU
		{2E023BCE-53A2-4F66-B49F-F611749ADBCD}.Debug|Any CPU.Build.0 = Debug|Any CPU
		{2E023BCE-53A2-4F66-B49F-F611749ADBCD}.Release|Any CPU.ActiveCfg = Release|Any CPU
		{2E023BCE-53A2-4F66-B49F-F611749ADBCD}.Release|Any CPU.Build.0 = Release|Any CPU
		{900920E4-2292-465D-925F-429B35A291E7}.Debug|Any CPU.ActiveCfg = Debug|Any CPU
		{900920E4-2292-465D-925F-429B35A291E7}.Debug|Any CPU.Build.0 = Debug|Any CPU
		{900920E4-2292-465D-925F-429B35A291E7}.Release|Any CPU.ActiveCfg = Release|Any CPU
		{900920E4-2292-465D-925F-429B35A291E7}.Release|Any CPU.Build.0 = Release|Any CPU
		{120A617A-552C-497A-B985-3B68C03F5788}.Debug|Any CPU.ActiveCfg = Debug|Any CPU
		{120A617A-552C-497A-B985-3B68C03F5788}.Debug|Any CPU.Build.0 = Debug|Any CPU
		{120A617A-552C-497A-B985-3B68C03F5788}.Release|Any CPU.ActiveCfg = Release|Any CPU
		{120A617A-552C-497A-B985-3B68C03F5788}.Release|Any CPU.Build.0 = Release|Any CPU
		{46D17A73-F367-447C-A9D5-0A58F822E725}.Debug|Any CPU.ActiveCfg = Debug|Any CPU
		{46D17A73-F367-447C-A9D5-0A58F822E725}.Debug|Any CPU.Build.0 = Debug|Any CPU
		{46D17A73-F367-447C-A9D5-0A58F822E725}.Release|Any CPU.ActiveCfg = Release|Any CPU
		{46D17A73-F367-447C-A9D5-0A58F822E725}.Release|Any CPU.Build.0 = Release|Any CPU
		{9AD45452-46E5-441F-80C2-8E0A17025AE6}.Debug|Any CPU.ActiveCfg = Debug|Any CPU
		{9AD45452-46E5-441F-80C2-8E0A17025AE6}.Debug|Any CPU.Build.0 = Debug|Any CPU
		{9AD45452-46E5-441F-80C2-8E0A17025AE6}.Release|Any CPU.ActiveCfg = Release|Any CPU
		{9AD45452-46E5-441F-80C2-8E0A17025AE6}.Release|Any CPU.Build.0 = Release|Any CPU
		{311904C9-E7BE-4831-9460-F5B02923D165}.Debug|Any CPU.ActiveCfg = Debug|Any CPU
		{311904C9-E7BE-4831-9460-F5B02923D165}.Debug|Any CPU.Build.0 = Debug|Any CPU
		{311904C9-E7BE-4831-9460-F5B02923D165}.Release|Any CPU.ActiveCfg = Release|Any CPU
		{311904C9-E7BE-4831-9460-F5B02923D165}.Release|Any CPU.Build.0 = Release|Any CPU
		{46EB5550-969C-47ED-9847-1A0BEAC6A066}.Debug|Any CPU.ActiveCfg = Debug|Any CPU
		{46EB5550-969C-47ED-9847-1A0BEAC6A066}.Debug|Any CPU.Build.0 = Debug|Any CPU
		{46EB5550-969C-47ED-9847-1A0BEAC6A066}.Release|Any CPU.ActiveCfg = Release|Any CPU
		{46EB5550-969C-47ED-9847-1A0BEAC6A066}.Release|Any CPU.Build.0 = Release|Any CPU
	EndGlobalSection
	GlobalSection(SolutionProperties) = preSolution
		HideSolutionNode = FALSE
	EndGlobalSection
EndGlobal
